// !$*UTF8*$!
{
	archiveVersion = 1;
	classes = {
	};
	objectVersion = 48;
	objects = {

/* Begin PBXBuildFile section */
		000EB4411FF8DDC3005E08B5 /* Test.swift in Sources */ = {isa = PBXBuildFile; fileRef = 000EB4401FF8DDC3005E08B5 /* Test.swift */; };
		000EB4431FF8DED5005E08B5 /* Analisys.swift in Sources */ = {isa = PBXBuildFile; fileRef = 000EB4421FF8DED5005E08B5 /* Analisys.swift */; };
		000EB4461FF8F066005E08B5 /* DiabiticFeetCalculator.swift in Sources */ = {isa = PBXBuildFile; fileRef = 000EB4451FF8F066005E08B5 /* DiabiticFeetCalculator.swift */; };
		000EB4481FF9132D005E08B5 /* diabeticFeet.txt in Resources */ = {isa = PBXBuildFile; fileRef = 000EB4471FF9132D005E08B5 /* diabeticFeet.txt */; };
		00120C4D1FFD28F000B1A620 /* BorderAndCorner.swift in Sources */ = {isa = PBXBuildFile; fileRef = 00120C4C1FFD28F000B1A620 /* BorderAndCorner.swift */; };
		00120C4F1FFD42F400B1A620 /* DiabeticFeet1.swift in Sources */ = {isa = PBXBuildFile; fileRef = 00120C4E1FFD42F400B1A620 /* DiabeticFeet1.swift */; };
		00120C511FFD512B00B1A620 /* InputPicker.swift in Sources */ = {isa = PBXBuildFile; fileRef = 00120C501FFD512B00B1A620 /* InputPicker.swift */; };
		00120C531FFD514200B1A620 /* InputPicker.xib in Resources */ = {isa = PBXBuildFile; fileRef = 00120C521FFD514200B1A620 /* InputPicker.xib */; };
		00120C551FFD527C00B1A620 /* ResulrCellTableViewCell.swift in Sources */ = {isa = PBXBuildFile; fileRef = 00120C541FFD527C00B1A620 /* ResulrCellTableViewCell.swift */; };
		00246F9D1FFB9C8400B98A5B /* EventsViewController.swift in Sources */ = {isa = PBXBuildFile; fileRef = 00246F9C1FFB9C8400B98A5B /* EventsViewController.swift */; };
		003D3FA42003AF040022A93A /* CollapsibleTableSectionViewController.swift in Sources */ = {isa = PBXBuildFile; fileRef = 003D3FA12003AF040022A93A /* CollapsibleTableSectionViewController.swift */; };
		003D3FA52003AF040022A93A /* CollapsibleTableViewHeader.swift in Sources */ = {isa = PBXBuildFile; fileRef = 003D3FA22003AF040022A93A /* CollapsibleTableViewHeader.swift */; };
		003D3FA82003B4A30022A93A /* Link.swift in Sources */ = {isa = PBXBuildFile; fileRef = 003D3FA72003B4A30022A93A /* Link.swift */; };
		003D3FAA2003B5B10022A93A /* LinksHolder.swift in Sources */ = {isa = PBXBuildFile; fileRef = 003D3FA92003B5B10022A93A /* LinksHolder.swift */; };
		003D3FAC2003B8C60022A93A /* SubTypeHeader.swift in Sources */ = {isa = PBXBuildFile; fileRef = 003D3FAB2003B8C60022A93A /* SubTypeHeader.swift */; };
		003D3FAE2003B9890022A93A /* MajorType.swift in Sources */ = {isa = PBXBuildFile; fileRef = 003D3FAD2003B9890022A93A /* MajorType.swift */; };
		004166BB1FF0FFBB005A1E31 /* AppDelegate.swift in Sources */ = {isa = PBXBuildFile; fileRef = 004166BA1FF0FFBB005A1E31 /* AppDelegate.swift */; };
		004166C01FF0FFBB005A1E31 /* Main.storyboard in Resources */ = {isa = PBXBuildFile; fileRef = 004166BE1FF0FFBB005A1E31 /* Main.storyboard */; };
		004166C21FF0FFBB005A1E31 /* Assets.xcassets in Resources */ = {isa = PBXBuildFile; fileRef = 004166C11FF0FFBB005A1E31 /* Assets.xcassets */; };
		004166C51FF0FFBB005A1E31 /* LaunchScreen.storyboard in Resources */ = {isa = PBXBuildFile; fileRef = 004166C31FF0FFBB005A1E31 /* LaunchScreen.storyboard */; };
		004166CF1FF12EC7005A1E31 /* LogInViewController.swift in Sources */ = {isa = PBXBuildFile; fileRef = 004166CE1FF12EC7005A1E31 /* LogInViewController.swift */; };
		004166D11FF14C21005A1E31 /* webServices.txt in Resources */ = {isa = PBXBuildFile; fileRef = 004166D01FF14C21005A1E31 /* webServices.txt */; };
		004166D31FF14C2F005A1E31 /* WebService.swift in Sources */ = {isa = PBXBuildFile; fileRef = 004166D21FF14C2F005A1E31 /* WebService.swift */; };
		004678D31FF8D5E20059C75E /* Result.swift in Sources */ = {isa = PBXBuildFile; fileRef = 004678D21FF8D5E20059C75E /* Result.swift */; };
		004F403D1FFBCAEC009316C1 /* menuViewController.xib in Resources */ = {isa = PBXBuildFile; fileRef = 004F40351FFBCAEB009316C1 /* menuViewController.xib */; };
		004F403E1FFBCAEC009316C1 /* toAppDelegate.txt in Resources */ = {isa = PBXBuildFile; fileRef = 004F40361FFBCAEB009316C1 /* toAppDelegate.txt */; };
		004F403F1FFBCAEC009316C1 /* MenuHeader.swift in Sources */ = {isa = PBXBuildFile; fileRef = 004F40371FFBCAEC009316C1 /* MenuHeader.swift */; };
		004F40401FFBCAEC009316C1 /* menuViewController.swift in Sources */ = {isa = PBXBuildFile; fileRef = 004F40381FFBCAEC009316C1 /* menuViewController.swift */; };
		004F40411FFBCAEC009316C1 /* menuuExtension.swift in Sources */ = {isa = PBXBuildFile; fileRef = 004F40391FFBCAEC009316C1 /* menuuExtension.swift */; };
		004F40421FFBCAEC009316C1 /* menuTableViewController.xib in Resources */ = {isa = PBXBuildFile; fileRef = 004F403A1FFBCAEC009316C1 /* menuTableViewController.xib */; };
		004F40431FFBCAEC009316C1 /* menuItems.txt in Resources */ = {isa = PBXBuildFile; fileRef = 004F403B1FFBCAEC009316C1 /* menuItems.txt */; };
		004F40441FFBCAEC009316C1 /* menuTableViewController.swift in Sources */ = {isa = PBXBuildFile; fileRef = 004F403C1FFBCAEC009316C1 /* menuTableViewController.swift */; };
		00950E592004CB9E0095624E /* AntiBiotics.swift in Sources */ = {isa = PBXBuildFile; fileRef = 00950E582004CB9E0095624E /* AntiBiotics.swift */; };
		00B957741FF4D99700EEC35E /* DiseasesGuideViewController.swift in Sources */ = {isa = PBXBuildFile; fileRef = 00B957731FF4D99700EEC35E /* DiseasesGuideViewController.swift */; };
		00B957781FF4DBAD00EEC35E /* PatientDirectoryViewController.swift in Sources */ = {isa = PBXBuildFile; fileRef = 00B957771FF4DBAD00EEC35E /* PatientDirectoryViewController.swift */; };
		00B9577A1FF4DC3400EEC35E /* ContactUsViewController.swift in Sources */ = {isa = PBXBuildFile; fileRef = 00B957791FF4DC3400EEC35E /* ContactUsViewController.swift */; };
		00B9577C1FF4DD3700EEC35E /* DrugsAndHCPsToolsViewController.swift in Sources */ = {isa = PBXBuildFile; fileRef = 00B9577B1FF4DD3700EEC35E /* DrugsAndHCPsToolsViewController.swift */; };
		00C715691FF2A3D2007FD103 /* HomeViewController.swift in Sources */ = {isa = PBXBuildFile; fileRef = 00C715681FF2A3D2007FD103 /* HomeViewController.swift */; };
		00FEB7C91FFBBBE400E4A161 /* infonity.Start.17.12.25.2.m in Sources */ = {isa = PBXBuildFile; fileRef = 00FEB7C81FFBBBE400E4A161 /* infonity.Start.17.12.25.2.m */; };
/* End PBXBuildFile section */

/* Begin PBXFileReference section */
		000EB4401FF8DDC3005E08B5 /* Test.swift */ = {isa = PBXFileReference; lastKnownFileType = sourcecode.swift; path = Test.swift; sourceTree = "<group>"; };
		000EB4421FF8DED5005E08B5 /* Analisys.swift */ = {isa = PBXFileReference; lastKnownFileType = sourcecode.swift; path = Analisys.swift; sourceTree = "<group>"; };
		000EB4451FF8F066005E08B5 /* DiabiticFeetCalculator.swift */ = {isa = PBXFileReference; lastKnownFileType = sourcecode.swift; path = DiabiticFeetCalculator.swift; sourceTree = "<group>"; };
		000EB4471FF9132D005E08B5 /* diabeticFeet.txt */ = {isa = PBXFileReference; fileEncoding = 4; lastKnownFileType = text; path = diabeticFeet.txt; sourceTree = "<group>"; };
		00120C4C1FFD28F000B1A620 /* BorderAndCorner.swift */ = {isa = PBXFileReference; lastKnownFileType = sourcecode.swift; path = BorderAndCorner.swift; sourceTree = "<group>"; };
		00120C4E1FFD42F400B1A620 /* DiabeticFeet1.swift */ = {isa = PBXFileReference; lastKnownFileType = sourcecode.swift; path = DiabeticFeet1.swift; sourceTree = "<group>"; };
		00120C501FFD512B00B1A620 /* InputPicker.swift */ = {isa = PBXFileReference; lastKnownFileType = sourcecode.swift; path = InputPicker.swift; sourceTree = "<group>"; };
		00120C521FFD514200B1A620 /* InputPicker.xib */ = {isa = PBXFileReference; lastKnownFileType = file.xib; path = InputPicker.xib; sourceTree = "<group>"; };
		00120C541FFD527C00B1A620 /* ResulrCellTableViewCell.swift */ = {isa = PBXFileReference; lastKnownFileType = sourcecode.swift; path = ResulrCellTableViewCell.swift; sourceTree = "<group>"; };
		00246F9C1FFB9C8400B98A5B /* EventsViewController.swift */ = {isa = PBXFileReference; lastKnownFileType = sourcecode.swift; path = EventsViewController.swift; sourceTree = "<group>"; };
		003D3D6E2003A46A0022A93A /* infonity.Start.17.12.25.2-Bridging-Header.h */ = {isa = PBXFileReference; lastKnownFileType = sourcecode.c.h; path = "infonity.Start.17.12.25.2-Bridging-Header.h"; sourceTree = "<group>"; };
		003D3FA12003AF040022A93A /* CollapsibleTableSectionViewController.swift */ = {isa = PBXFileReference; fileEncoding = 4; lastKnownFileType = sourcecode.swift; path = CollapsibleTableSectionViewController.swift; sourceTree = "<group>"; };
		003D3FA22003AF040022A93A /* CollapsibleTableViewHeader.swift */ = {isa = PBXFileReference; fileEncoding = 4; lastKnownFileType = sourcecode.swift; path = CollapsibleTableViewHeader.swift; sourceTree = "<group>"; };
		003D3FA32003AF040022A93A /* CollapsibleTableSectionViewController.h */ = {isa = PBXFileReference; fileEncoding = 4; lastKnownFileType = sourcecode.c.h; path = CollapsibleTableSectionViewController.h; sourceTree = "<group>"; };
		003D3FA72003B4A30022A93A /* Link.swift */ = {isa = PBXFileReference; lastKnownFileType = sourcecode.swift; path = Link.swift; sourceTree = "<group>"; };
		003D3FA92003B5B10022A93A /* LinksHolder.swift */ = {isa = PBXFileReference; lastKnownFileType = sourcecode.swift; path = LinksHolder.swift; sourceTree = "<group>"; };
		003D3FAB2003B8C60022A93A /* SubTypeHeader.swift */ = {isa = PBXFileReference; lastKnownFileType = sourcecode.swift; path = SubTypeHeader.swift; sourceTree = "<group>"; };
		003D3FAD2003B9890022A93A /* MajorType.swift */ = {isa = PBXFileReference; lastKnownFileType = sourcecode.swift; path = MajorType.swift; sourceTree = "<group>"; };
		004166B71FF0FFBB005A1E31 /* infonity.Start.17.12.25.2.app */ = {isa = PBXFileReference; explicitFileType = wrapper.application; includeInIndex = 0; path = infonity.Start.17.12.25.2.app; sourceTree = BUILT_PRODUCTS_DIR; };
		004166BA1FF0FFBB005A1E31 /* AppDelegate.swift */ = {isa = PBXFileReference; lastKnownFileType = sourcecode.swift; path = AppDelegate.swift; sourceTree = "<group>"; };
		004166BF1FF0FFBB005A1E31 /* Base */ = {isa = PBXFileReference; lastKnownFileType = file.storyboard; name = Base; path = Base.lproj/Main.storyboard; sourceTree = "<group>"; };
		004166C11FF0FFBB005A1E31 /* Assets.xcassets */ = {isa = PBXFileReference; lastKnownFileType = folder.assetcatalog; path = Assets.xcassets; sourceTree = "<group>"; };
		004166C41FF0FFBB005A1E31 /* Base */ = {isa = PBXFileReference; lastKnownFileType = file.storyboard; name = Base; path = Base.lproj/LaunchScreen.storyboard; sourceTree = "<group>"; };
		004166C61FF0FFBB005A1E31 /* Info.plist */ = {isa = PBXFileReference; lastKnownFileType = text.plist.xml; path = Info.plist; sourceTree = "<group>"; };
		004166CE1FF12EC7005A1E31 /* LogInViewController.swift */ = {isa = PBXFileReference; lastKnownFileType = sourcecode.swift; path = LogInViewController.swift; sourceTree = "<group>"; };
		004166D01FF14C21005A1E31 /* webServices.txt */ = {isa = PBXFileReference; fileEncoding = 4; lastKnownFileType = text; path = webServices.txt; sourceTree = "<group>"; };
		004166D21FF14C2F005A1E31 /* WebService.swift */ = {isa = PBXFileReference; fileEncoding = 4; lastKnownFileType = sourcecode.swift; path = WebService.swift; sourceTree = "<group>"; };
		004678D21FF8D5E20059C75E /* Result.swift */ = {isa = PBXFileReference; lastKnownFileType = sourcecode.swift; path = Result.swift; sourceTree = "<group>"; };
		004F40351FFBCAEB009316C1 /* menuViewController.xib */ = {isa = PBXFileReference; fileEncoding = 4; lastKnownFileType = file.xib; path = menuViewController.xib; sourceTree = "<group>"; };
		004F40361FFBCAEB009316C1 /* toAppDelegate.txt */ = {isa = PBXFileReference; fileEncoding = 4; lastKnownFileType = text; path = toAppDelegate.txt; sourceTree = "<group>"; };
		004F40371FFBCAEC009316C1 /* MenuHeader.swift */ = {isa = PBXFileReference; fileEncoding = 4; lastKnownFileType = sourcecode.swift; path = MenuHeader.swift; sourceTree = "<group>"; };
		004F40381FFBCAEC009316C1 /* menuViewController.swift */ = {isa = PBXFileReference; fileEncoding = 4; lastKnownFileType = sourcecode.swift; path = menuViewController.swift; sourceTree = "<group>"; };
		004F40391FFBCAEC009316C1 /* menuuExtension.swift */ = {isa = PBXFileReference; fileEncoding = 4; lastKnownFileType = sourcecode.swift; path = menuuExtension.swift; sourceTree = "<group>"; };
		004F403A1FFBCAEC009316C1 /* menuTableViewController.xib */ = {isa = PBXFileReference; fileEncoding = 4; lastKnownFileType = file.xib; path = menuTableViewController.xib; sourceTree = "<group>"; };
		004F403B1FFBCAEC009316C1 /* menuItems.txt */ = {isa = PBXFileReference; fileEncoding = 4; lastKnownFileType = text; path = menuItems.txt; sourceTree = "<group>"; };
		004F403C1FFBCAEC009316C1 /* menuTableViewController.swift */ = {isa = PBXFileReference; fileEncoding = 4; lastKnownFileType = sourcecode.swift; path = menuTableViewController.swift; sourceTree = "<group>"; };
		00950E582004CB9E0095624E /* AntiBiotics.swift */ = {isa = PBXFileReference; lastKnownFileType = sourcecode.swift; path = AntiBiotics.swift; sourceTree = "<group>"; };
		00B957731FF4D99700EEC35E /* DiseasesGuideViewController.swift */ = {isa = PBXFileReference; lastKnownFileType = sourcecode.swift; path = DiseasesGuideViewController.swift; sourceTree = "<group>"; };
		00B957771FF4DBAD00EEC35E /* PatientDirectoryViewController.swift */ = {isa = PBXFileReference; lastKnownFileType = sourcecode.swift; path = PatientDirectoryViewController.swift; sourceTree = "<group>"; };
		00B957791FF4DC3400EEC35E /* ContactUsViewController.swift */ = {isa = PBXFileReference; lastKnownFileType = sourcecode.swift; path = ContactUsViewController.swift; sourceTree = "<group>"; };
		00B9577B1FF4DD3700EEC35E /* DrugsAndHCPsToolsViewController.swift */ = {isa = PBXFileReference; lastKnownFileType = sourcecode.swift; path = DrugsAndHCPsToolsViewController.swift; sourceTree = "<group>"; };
		00C715681FF2A3D2007FD103 /* HomeViewController.swift */ = {isa = PBXFileReference; lastKnownFileType = sourcecode.swift; path = HomeViewController.swift; sourceTree = "<group>"; };
		00FEB7C81FFBBBE400E4A161 /* infonity.Start.17.12.25.2.m */ = {isa = PBXFileReference; lastKnownFileType = sourcecode.c.objc; path = infonity.Start.17.12.25.2.m; sourceTree = "<group>"; };
/* End PBXFileReference section */

/* Begin PBXFrameworksBuildPhase section */
		004166B41FF0FFBB005A1E31 /* Frameworks */ = {
			isa = PBXFrameworksBuildPhase;
			buildActionMask = 2147483647;
			files = (
			);
			runOnlyForDeploymentPostprocessing = 0;
		};
/* End PBXFrameworksBuildPhase section */

/* Begin PBXGroup section */
		000EB4441FF8DFB2005E08B5 /* DFModel */ = {
			isa = PBXGroup;
			children = (
				000EB4401FF8DDC3005E08B5 /* Test.swift */,
				004678D21FF8D5E20059C75E /* Result.swift */,
				000EB4471FF9132D005E08B5 /* diabeticFeet.txt */,
				000EB4421FF8DED5005E08B5 /* Analisys.swift */,
				000EB4451FF8F066005E08B5 /* DiabiticFeetCalculator.swift */,
			);
			path = DFModel;
			sourceTree = "<group>";
		};
		003D3FA62003B4370022A93A /* AntiBs */ = {
			isa = PBXGroup;
			children = (
				00950E582004CB9E0095624E /* AntiBiotics.swift */,
				003D3FA72003B4A30022A93A /* Link.swift */,
				003D3FA92003B5B10022A93A /* LinksHolder.swift */,
				003D3FAB2003B8C60022A93A /* SubTypeHeader.swift */,
				003D3FAD2003B9890022A93A /* MajorType.swift */,
			);
			path = AntiBs;
			sourceTree = "<group>";
		};
		004166AE1FF0FFBB005A1E31 = {
			isa = PBXGroup;
			children = (
				003D3FA32003AF040022A93A /* CollapsibleTableSectionViewController.h */,
				003D3FA12003AF040022A93A /* CollapsibleTableSectionViewController.swift */,
				003D3FA22003AF040022A93A /* CollapsibleTableViewHeader.swift */,
				003D3D6E2003A46A0022A93A /* infonity.Start.17.12.25.2-Bridging-Header.h */,
				00FEB7C81FFBBBE400E4A161 /* infonity.Start.17.12.25.2.m */,
				004166B91FF0FFBB005A1E31 /* infonity.Start.17.12.25.2 */,
				004166B81FF0FFBB005A1E31 /* Products */,
			);
			sourceTree = "<group>";
		};
		004166B81FF0FFBB005A1E31 /* Products */ = {
			isa = PBXGroup;
			children = (
				004166B71FF0FFBB005A1E31 /* infonity.Start.17.12.25.2.app */,
			);
			name = Products;
			sourceTree = "<group>";
		};
		004166B91FF0FFBB005A1E31 /* infonity.Start.17.12.25.2 */ = {
			isa = PBXGroup;
			children = (
				004F40341FFBCA45009316C1 /* AZmenu */,
				00B9577F1FF520D000EEC35E /* 3rdParty */,
				00B957751FF4DA0C00EEC35E /* Ms */,
				00B957761FF4DA5B00EEC35E /* Vs */,
				00B957721FF4D88900EEC35E /* Cs */,
				004166C11FF0FFBB005A1E31 /* Assets.xcassets */,
				004166C61FF0FFBB005A1E31 /* Info.plist */,
			);
			path = infonity.Start.17.12.25.2;
			sourceTree = "<group>";
		};
		004225B61FFA99810048565C /* networking */ = {
			isa = PBXGroup;
			children = (
				004166D21FF14C2F005A1E31 /* WebService.swift */,
				004166D01FF14C21005A1E31 /* webServices.txt */,
			);
			name = networking;
			sourceTree = "<group>";
		};
		004F40341FFBCA45009316C1 /* AZmenu */ = {
			isa = PBXGroup;
			children = (
				004F40371FFBCAEC009316C1 /* MenuHeader.swift */,
				004F403B1FFBCAEC009316C1 /* menuItems.txt */,
				004F403C1FFBCAEC009316C1 /* menuTableViewController.swift */,
				004F403A1FFBCAEC009316C1 /* menuTableViewController.xib */,
				004F40391FFBCAEC009316C1 /* menuuExtension.swift */,
				004F40381FFBCAEC009316C1 /* menuViewController.swift */,
				004F40351FFBCAEB009316C1 /* menuViewController.xib */,
				004F40361FFBCAEB009316C1 /* toAppDelegate.txt */,
				00120C4C1FFD28F000B1A620 /* BorderAndCorner.swift */,
			);
			path = AZmenu;
			sourceTree = "<group>";
		};
		00B957721FF4D88900EEC35E /* Cs */ = {
			isa = PBXGroup;
			children = (
				00120C4E1FFD42F400B1A620 /* DiabeticFeet1.swift */,
				004166BA1FF0FFBB005A1E31 /* AppDelegate.swift */,
				00B957731FF4D99700EEC35E /* DiseasesGuideViewController.swift */,
				004166CE1FF12EC7005A1E31 /* LogInViewController.swift */,
				00B957791FF4DC3400EEC35E /* ContactUsViewController.swift */,
				00B957771FF4DBAD00EEC35E /* PatientDirectoryViewController.swift */,
				00C715681FF2A3D2007FD103 /* HomeViewController.swift */,
				00B9577B1FF4DD3700EEC35E /* DrugsAndHCPsToolsViewController.swift */,
				00246F9C1FFB9C8400B98A5B /* EventsViewController.swift */,
			);
			path = Cs;
			sourceTree = "<group>";
		};
		00B957751FF4DA0C00EEC35E /* Ms */ = {
			isa = PBXGroup;
			children = (
				003D3FA62003B4370022A93A /* AntiBs */,
				000EB4441FF8DFB2005E08B5 /* DFModel */,
				004225B61FFA99810048565C /* networking */,
			);
			path = Ms;
			sourceTree = "<group>";
		};
		00B957761FF4DA5B00EEC35E /* Vs */ = {
			isa = PBXGroup;
			children = (
				004166BE1FF0FFBB005A1E31 /* Main.storyboard */,
				004166C31FF0FFBB005A1E31 /* LaunchScreen.storyboard */,
				00120C501FFD512B00B1A620 /* InputPicker.swift */,
				00120C521FFD514200B1A620 /* InputPicker.xib */,
				00120C541FFD527C00B1A620 /* ResulrCellTableViewCell.swift */,
			);
			path = Vs;
			sourceTree = "<group>";
		};
		00B9577F1FF520D000EEC35E /* 3rdParty */ = {
			isa = PBXGroup;
			children = (
			);
			path = 3rdParty;
			sourceTree = "<group>";
		};
/* End PBXGroup section */

/* Begin PBXNativeTarget section */
		004166B61FF0FFBB005A1E31 /* infonity.Start.17.12.25.2 */ = {
			isa = PBXNativeTarget;
			buildConfigurationList = 004166C91FF0FFBB005A1E31 /* Build configuration list for PBXNativeTarget "infonity.Start.17.12.25.2" */;
			buildPhases = (
				004166B31FF0FFBB005A1E31 /* Sources */,
				004166B41FF0FFBB005A1E31 /* Frameworks */,
				004166B51FF0FFBB005A1E31 /* Resources */,
			);
			buildRules = (
			);
			dependencies = (
			);
			name = infonity.Start.17.12.25.2;
			productName = infonity.Start.17.12.25.2;
			productReference = 004166B71FF0FFBB005A1E31 /* infonity.Start.17.12.25.2.app */;
			productType = "com.apple.product-type.application";
		};
/* End PBXNativeTarget section */

/* Begin PBXProject section */
		004166AF1FF0FFBB005A1E31 /* Project object */ = {
			isa = PBXProject;
			attributes = {
				LastSwiftUpdateCheck = 0910;
				LastUpgradeCheck = 0910;
				ORGANIZATIONNAME = Arena;
				TargetAttributes = {
					004166B61FF0FFBB005A1E31 = {
						CreatedOnToolsVersion = 9.1;
						ProvisioningStyle = Automatic;
					};
				};
			};
			buildConfigurationList = 004166B21FF0FFBB005A1E31 /* Build configuration list for PBXProject "infonity.Start.17.12.25.2" */;
			compatibilityVersion = "Xcode 8.0";
			developmentRegion = en;
			hasScannedForEncodings = 0;
			knownRegions = (
				en,
				Base,
				de,
				es,
			);
			mainGroup = 004166AE1FF0FFBB005A1E31;
			productRefGroup = 004166B81FF0FFBB005A1E31 /* Products */;
			projectDirPath = "";
			projectRoot = "";
			targets = (
				004166B61FF0FFBB005A1E31 /* infonity.Start.17.12.25.2 */,
			);
		};
/* End PBXProject section */

/* Begin PBXResourcesBuildPhase section */
		004166B51FF0FFBB005A1E31 /* Resources */ = {
			isa = PBXResourcesBuildPhase;
			buildActionMask = 2147483647;
			files = (
				004166C51FF0FFBB005A1E31 /* LaunchScreen.storyboard in Resources */,
				004F403D1FFBCAEC009316C1 /* menuViewController.xib in Resources */,
				004166C21FF0FFBB005A1E31 /* Assets.xcassets in Resources */,
				004166C01FF0FFBB005A1E31 /* Main.storyboard in Resources */,
				00120C531FFD514200B1A620 /* InputPicker.xib in Resources */,
				004F40431FFBCAEC009316C1 /* menuItems.txt in Resources */,
				004F403E1FFBCAEC009316C1 /* toAppDelegate.txt in Resources */,
				000EB4481FF9132D005E08B5 /* diabeticFeet.txt in Resources */,
				004F40421FFBCAEC009316C1 /* menuTableViewController.xib in Resources */,
				004166D11FF14C21005A1E31 /* webServices.txt in Resources */,
			);
			runOnlyForDeploymentPostprocessing = 0;
		};
/* End PBXResourcesBuildPhase section */

/* Begin PBXSourcesBuildPhase section */
		004166B31FF0FFBB005A1E31 /* Sources */ = {
			isa = PBXSourcesBuildPhase;
			buildActionMask = 2147483647;
			files = (
				004678D31FF8D5E20059C75E /* Result.swift in Sources */,
				003D3FAC2003B8C60022A93A /* SubTypeHeader.swift in Sources */,
				00120C511FFD512B00B1A620 /* InputPicker.swift in Sources */,
				004F40441FFBCAEC009316C1 /* menuTableViewController.swift in Sources */,
				00120C4F1FFD42F400B1A620 /* DiabeticFeet1.swift in Sources */,
				004166CF1FF12EC7005A1E31 /* LogInViewController.swift in Sources */,
				004166D31FF14C2F005A1E31 /* WebService.swift in Sources */,
				004F403F1FFBCAEC009316C1 /* MenuHeader.swift in Sources */,
				004F40401FFBCAEC009316C1 /* menuViewController.swift in Sources */,
				003D3FA82003B4A30022A93A /* Link.swift in Sources */,
				00B9577A1FF4DC3400EEC35E /* ContactUsViewController.swift in Sources */,
				00B957781FF4DBAD00EEC35E /* PatientDirectoryViewController.swift in Sources */,
				000EB4411FF8DDC3005E08B5 /* Test.swift in Sources */,
				003D3FAA2003B5B10022A93A /* LinksHolder.swift in Sources */,
				004166BB1FF0FFBB005A1E31 /* AppDelegate.swift in Sources */,
				000EB4461FF8F066005E08B5 /* DiabiticFeetCalculator.swift in Sources */,
				004F40411FFBCAEC009316C1 /* menuuExtension.swift in Sources */,
				00C715691FF2A3D2007FD103 /* HomeViewController.swift in Sources */,
				00B9577C1FF4DD3700EEC35E /* DrugsAndHCPsToolsViewController.swift in Sources */,
				00120C551FFD527C00B1A620 /* ResulrCellTableViewCell.swift in Sources */,
				00950E592004CB9E0095624E /* AntiBiotics.swift in Sources */,
				003D3FAE2003B9890022A93A /* MajorType.swift in Sources */,
				00B957741FF4D99700EEC35E /* DiseasesGuideViewController.swift in Sources */,
				000EB4431FF8DED5005E08B5 /* Analisys.swift in Sources */,
				003D3FA52003AF040022A93A /* CollapsibleTableViewHeader.swift in Sources */,
				00FEB7C91FFBBBE400E4A161 /* infonity.Start.17.12.25.2.m in Sources */,
				00120C4D1FFD28F000B1A620 /* BorderAndCorner.swift in Sources */,
				00246F9D1FFB9C8400B98A5B /* EventsViewController.swift in Sources */,
				003D3FA42003AF040022A93A /* CollapsibleTableSectionViewController.swift in Sources */,
			);
			runOnlyForDeploymentPostprocessing = 0;
		};
/* End PBXSourcesBuildPhase section */

/* Begin PBXVariantGroup section */
		004166BE1FF0FFBB005A1E31 /* Main.storyboard */ = {
			isa = PBXVariantGroup;
			children = (
				004166BF1FF0FFBB005A1E31 /* Base */,
			);
			name = Main.storyboard;
			sourceTree = "<group>";
		};
		004166C31FF0FFBB005A1E31 /* LaunchScreen.storyboard */ = {
			isa = PBXVariantGroup;
			children = (
				004166C41FF0FFBB005A1E31 /* Base */,
			);
			name = LaunchScreen.storyboard;
			sourceTree = "<group>";
		};
/* End PBXVariantGroup section */

/* Begin XCBuildConfiguration section */
		004166C71FF0FFBB005A1E31 /* Debug */ = {
			isa = XCBuildConfiguration;
			buildSettings = {
				ALWAYS_SEARCH_USER_PATHS = NO;
				CLANG_ANALYZER_NONNULL = YES;
				CLANG_ANALYZER_NUMBER_OBJECT_CONVERSION = YES_AGGRESSIVE;
				CLANG_CXX_LANGUAGE_STANDARD = "gnu++14";
				CLANG_CXX_LIBRARY = "libc++";
				CLANG_ENABLE_MODULES = YES;
				CLANG_ENABLE_OBJC_ARC = YES;
				CLANG_WARN_BLOCK_CAPTURE_AUTORELEASING = YES;
				CLANG_WARN_BOOL_CONVERSION = YES;
				CLANG_WARN_COMMA = YES;
				CLANG_WARN_CONSTANT_CONVERSION = YES;
				CLANG_WARN_DIRECT_OBJC_ISA_USAGE = YES_ERROR;
				CLANG_WARN_DOCUMENTATION_COMMENTS = YES;
				CLANG_WARN_EMPTY_BODY = YES;
				CLANG_WARN_ENUM_CONVERSION = YES;
				CLANG_WARN_INFINITE_RECURSION = YES;
				CLANG_WARN_INT_CONVERSION = YES;
				CLANG_WARN_NON_LITERAL_NULL_CONVERSION = YES;
				CLANG_WARN_OBJC_LITERAL_CONVERSION = YES;
				CLANG_WARN_OBJC_ROOT_CLASS = YES_ERROR;
				CLANG_WARN_RANGE_LOOP_ANALYSIS = YES;
				CLANG_WARN_STRICT_PROTOTYPES = YES;
				CLANG_WARN_SUSPICIOUS_MOVE = YES;
				CLANG_WARN_UNGUARDED_AVAILABILITY = YES_AGGRESSIVE;
				CLANG_WARN_UNREACHABLE_CODE = YES;
				CLANG_WARN__DUPLICATE_METHOD_MATCH = YES;
				CODE_SIGN_IDENTITY = "iPhone Developer";
				COPY_PHASE_STRIP = NO;
				DEBUG_INFORMATION_FORMAT = dwarf;
				ENABLE_STRICT_OBJC_MSGSEND = YES;
				ENABLE_TESTABILITY = YES;
				GCC_C_LANGUAGE_STANDARD = gnu11;
				GCC_DYNAMIC_NO_PIC = NO;
				GCC_NO_COMMON_BLOCKS = YES;
				GCC_OPTIMIZATION_LEVEL = 0;
				GCC_PREPROCESSOR_DEFINITIONS = (
					"DEBUG=1",
					"$(inherited)",
				);
				GCC_WARN_64_TO_32_BIT_CONVERSION = YES;
				GCC_WARN_ABOUT_RETURN_TYPE = YES_ERROR;
				GCC_WARN_UNDECLARED_SELECTOR = YES;
				GCC_WARN_UNINITIALIZED_AUTOS = YES_AGGRESSIVE;
				GCC_WARN_UNUSED_FUNCTION = YES;
				GCC_WARN_UNUSED_VARIABLE = YES;
				IPHONEOS_DEPLOYMENT_TARGET = 11.1;
				MTL_ENABLE_DEBUG_INFO = YES;
				ONLY_ACTIVE_ARCH = YES;
				SDKROOT = iphoneos;
				SWIFT_ACTIVE_COMPILATION_CONDITIONS = DEBUG;
				SWIFT_OPTIMIZATION_LEVEL = "-Onone";
			};
			name = Debug;
		};
		004166C81FF0FFBB005A1E31 /* Release */ = {
			isa = XCBuildConfiguration;
			buildSettings = {
				ALWAYS_SEARCH_USER_PATHS = NO;
				CLANG_ANALYZER_NONNULL = YES;
				CLANG_ANALYZER_NUMBER_OBJECT_CONVERSION = YES_AGGRESSIVE;
				CLANG_CXX_LANGUAGE_STANDARD = "gnu++14";
				CLANG_CXX_LIBRARY = "libc++";
				CLANG_ENABLE_MODULES = YES;
				CLANG_ENABLE_OBJC_ARC = YES;
				CLANG_WARN_BLOCK_CAPTURE_AUTORELEASING = YES;
				CLANG_WARN_BOOL_CONVERSION = YES;
				CLANG_WARN_COMMA = YES;
				CLANG_WARN_CONSTANT_CONVERSION = YES;
				CLANG_WARN_DIRECT_OBJC_ISA_USAGE = YES_ERROR;
				CLANG_WARN_DOCUMENTATION_COMMENTS = YES;
				CLANG_WARN_EMPTY_BODY = YES;
				CLANG_WARN_ENUM_CONVERSION = YES;
				CLANG_WARN_INFINITE_RECURSION = YES;
				CLANG_WARN_INT_CONVERSION = YES;
				CLANG_WARN_NON_LITERAL_NULL_CONVERSION = YES;
				CLANG_WARN_OBJC_LITERAL_CONVERSION = YES;
				CLANG_WARN_OBJC_ROOT_CLASS = YES_ERROR;
				CLANG_WARN_RANGE_LOOP_ANALYSIS = YES;
				CLANG_WARN_STRICT_PROTOTYPES = YES;
				CLANG_WARN_SUSPICIOUS_MOVE = YES;
				CLANG_WARN_UNGUARDED_AVAILABILITY = YES_AGGRESSIVE;
				CLANG_WARN_UNREACHABLE_CODE = YES;
				CLANG_WARN__DUPLICATE_METHOD_MATCH = YES;
				CODE_SIGN_IDENTITY = "iPhone Developer";
				COPY_PHASE_STRIP = NO;
				DEBUG_INFORMATION_FORMAT = "dwarf-with-dsym";
				ENABLE_NS_ASSERTIONS = NO;
				ENABLE_STRICT_OBJC_MSGSEND = YES;
				GCC_C_LANGUAGE_STANDARD = gnu11;
				GCC_NO_COMMON_BLOCKS = YES;
				GCC_WARN_64_TO_32_BIT_CONVERSION = YES;
				GCC_WARN_ABOUT_RETURN_TYPE = YES_ERROR;
				GCC_WARN_UNDECLARED_SELECTOR = YES;
				GCC_WARN_UNINITIALIZED_AUTOS = YES_AGGRESSIVE;
				GCC_WARN_UNUSED_FUNCTION = YES;
				GCC_WARN_UNUSED_VARIABLE = YES;
				IPHONEOS_DEPLOYMENT_TARGET = 11.1;
				MTL_ENABLE_DEBUG_INFO = NO;
				SDKROOT = iphoneos;
				SWIFT_OPTIMIZATION_LEVEL = "-Owholemodule";
				VALIDATE_PRODUCT = YES;
			};
			name = Release;
		};
		004166CA1FF0FFBB005A1E31 /* Debug */ = {
			isa = XCBuildConfiguration;
			buildSettings = {
				ALWAYS_SEARCH_USER_PATHS = YES;
				ASSETCATALOG_COMPILER_APPICON_NAME = AppIcon;
				CODE_SIGN_STYLE = Automatic;
				DEVELOPMENT_TEAM = A6Z3S59G3W;
				INFOPLIST_FILE = infonity.Start.17.12.25.2/Info.plist;
				IPHONEOS_DEPLOYMENT_TARGET = 11.0;
				LD_RUNPATH_SEARCH_PATHS = "$(inherited) @executable_path/Frameworks";
				PRODUCT_BUNDLE_IDENTIFIER = "com.arena.infonity-Start-17-12-25-2";
				PRODUCT_NAME = "$(TARGET_NAME)";
				SWIFT_VERSION = 4.0;
				TARGETED_DEVICE_FAMILY = "1,2";
			};
			name = Debug;
		};
		004166CB1FF0FFBB005A1E31 /* Release */ = {
			isa = XCBuildConfiguration;
			buildSettings = {
				ALWAYS_SEARCH_USER_PATHS = YES;
				ASSETCATALOG_COMPILER_APPICON_NAME = AppIcon;
				CODE_SIGN_STYLE = Automatic;
				DEVELOPMENT_TEAM = A6Z3S59G3W;
				INFOPLIST_FILE = infonity.Start.17.12.25.2/Info.plist;
				IPHONEOS_DEPLOYMENT_TARGET = 11.0;
				LD_RUNPATH_SEARCH_PATHS = "$(inherited) @executable_path/Frameworks";
				PRODUCT_BUNDLE_IDENTIFIER = "com.arena.infonity-Start-17-12-25-2";
				PRODUCT_NAME = "$(TARGET_NAME)";
				SWIFT_VERSION = 4.0;
				TARGETED_DEVICE_FAMILY = "1,2";
			};
			name = Release;
		};
/* End XCBuildConfiguration section */

/* Begin XCConfigurationList section */
		004166B21FF0FFBB005A1E31 /* Build configuration list for PBXProject "infonity.Start.17.12.25.2" */ = {
			isa = XCConfigurationList;
			buildConfigurations = (
				004166C71FF0FFBB005A1E31 /* Debug */,
				004166C81FF0FFBB005A1E31 /* Release */,
			);
			defaultConfigurationIsVisible = 0;
			defaultConfigurationName = Release;
		};
		004166C91FF0FFBB005A1E31 /* Build configuration list for PBXNativeTarget "infonity.Start.17.12.25.2" */ = {
			isa = XCConfigurationList;
			buildConfigurations = (
				004166CA1FF0FFBB005A1E31 /* Debug */,
				004166CB1FF0FFBB005A1E31 /* Release */,
			);
			defaultConfigurationIsVisible = 0;
			defaultConfigurationName = Release;
		};
/* End XCConfigurationList section */
	};
	rootObject = 004166AF1FF0FFBB005A1E31 /* Project object */;
}
